// !$*UTF8*$!
{
	archiveVersion = 1;
	classes = {
	};
	objectVersion = 50;
	objects = {

/* Begin PBXBuildFile section */
		04B3B5D69F930041F19A99E2 /* Pods_CondorTestUITests.framework in Frameworks */ = {isa = PBXBuildFile; fileRef = A7DC25A807A312101237F4AC /* Pods_CondorTestUITests.framework */; };
		1A0D8AB422A44F13004517B9 /* ArtistTableViewCell.swift in Sources */ = {isa = PBXBuildFile; fileRef = 1A0D8AB222A44F13004517B9 /* ArtistTableViewCell.swift */; };
		1A0D8AB522A44F13004517B9 /* ArtistTableViewCell.xib in Resources */ = {isa = PBXBuildFile; fileRef = 1A0D8AB322A44F13004517B9 /* ArtistTableViewCell.xib */; };
		1A0D8AB822A44F77004517B9 /* NSObject+ClassName.swift in Sources */ = {isa = PBXBuildFile; fileRef = 1A0D8AB722A44F77004517B9 /* NSObject+ClassName.swift */; };
		1A0D8ABA22A4507D004517B9 /* TableView+Register.swift in Sources */ = {isa = PBXBuildFile; fileRef = 1A0D8AB922A4507D004517B9 /* TableView+Register.swift */; };
		1A0D8ABC22A4519D004517B9 /* ArtistRepository.swift in Sources */ = {isa = PBXBuildFile; fileRef = 1A0D8ABB22A4519D004517B9 /* ArtistRepository.swift */; };
		1A0D8ABE22A4521F004517B9 /* EndPoint.swift in Sources */ = {isa = PBXBuildFile; fileRef = 1A0D8ABD22A4521F004517B9 /* EndPoint.swift */; };
		1A0D8AC122A45373004517B9 /* ArtistRepositoryPortocol.swift in Sources */ = {isa = PBXBuildFile; fileRef = 1A0D8AC022A45373004517B9 /* ArtistRepositoryPortocol.swift */; };
		1A0D8AC422A45425004517B9 /* ArtistManager.swift in Sources */ = {isa = PBXBuildFile; fileRef = 1A0D8AC322A45425004517B9 /* ArtistManager.swift */; };
		1A0D8AC622A45465004517B9 /* BaseManager.swift in Sources */ = {isa = PBXBuildFile; fileRef = 1A0D8AC522A45465004517B9 /* BaseManager.swift */; };
		1A0D8AC922A45562004517B9 /* ArtistPresenter.swift in Sources */ = {isa = PBXBuildFile; fileRef = 1A0D8AC822A45562004517B9 /* ArtistPresenter.swift */; };
		1A0D8ACC22A45AA5004517B9 /* ResponseArtist.swift in Sources */ = {isa = PBXBuildFile; fileRef = 1A0D8ACB22A45AA5004517B9 /* ResponseArtist.swift */; };
		1A0D8ACE22A45AEF004517B9 /* Artist.swift in Sources */ = {isa = PBXBuildFile; fileRef = 1A0D8ACD22A45AEF004517B9 /* Artist.swift */; };
		1A0D8AD322A46FC4004517B9 /* BaseViewController.swift in Sources */ = {isa = PBXBuildFile; fileRef = 1A0D8AD222A46FC4004517B9 /* BaseViewController.swift */; };
		1A0D8AD522A475FA004517B9 /* Item.swift in Sources */ = {isa = PBXBuildFile; fileRef = 1A0D8AD422A475FA004517B9 /* Item.swift */; };
		1A0D8AD722A47BFA004517B9 /* ImageArtist.swift in Sources */ = {isa = PBXBuildFile; fileRef = 1A0D8AD622A47BFA004517B9 /* ImageArtist.swift */; };
		1A0D8AD922A4800D004517B9 /* Follower.swift in Sources */ = {isa = PBXBuildFile; fileRef = 1A0D8AD822A4800D004517B9 /* Follower.swift */; };
		1A0D8ADB22A484D5004517B9 /* ArtistRepositoryMock.swift in Sources */ = {isa = PBXBuildFile; fileRef = 1A0D8ADA22A484D5004517B9 /* ArtistRepositoryMock.swift */; };
		1A0D8ADE22A48928004517B9 /* mock.json in Resources */ = {isa = PBXBuildFile; fileRef = 1A0D8ADD22A48928004517B9 /* mock.json */; };
		1A0D8AE522A48D19004517B9 /* Localizable.strings in Resources */ = {isa = PBXBuildFile; fileRef = 1A0D8AE722A48D19004517B9 /* Localizable.strings */; };
		1A0D8AEA22A48D73004517B9 /* Constants.swift in Sources */ = {isa = PBXBuildFile; fileRef = 1A0D8AE922A48D73004517B9 /* Constants.swift */; };
		1A0D8AED22A49662004517B9 /* NSError+EventHandler.swift in Sources */ = {isa = PBXBuildFile; fileRef = 1A0D8AEC22A49662004517B9 /* NSError+EventHandler.swift */; };
		1A0D8AEF22A49F07004517B9 /* AlbumViewController.swift in Sources */ = {isa = PBXBuildFile; fileRef = 1A0D8AEE22A49F07004517B9 /* AlbumViewController.swift */; };
		1A0D8AF222A49F87004517B9 /* ArtistRoute.swift in Sources */ = {isa = PBXBuildFile; fileRef = 1A0D8AF122A49F87004517B9 /* ArtistRoute.swift */; };
		1A0D8AF422A4A197004517B9 /* CellProtocol.swift in Sources */ = {isa = PBXBuildFile; fileRef = 1A0D8AF322A4A197004517B9 /* CellProtocol.swift */; };
		1A0D8AF622A4A415004517B9 /* AlbumRepository.swift in Sources */ = {isa = PBXBuildFile; fileRef = 1A0D8AF522A4A415004517B9 /* AlbumRepository.swift */; };
		1A0D8AF822A4A744004517B9 /* AlbumRepositoryProtocol.swift in Sources */ = {isa = PBXBuildFile; fileRef = 1A0D8AF722A4A744004517B9 /* AlbumRepositoryProtocol.swift */; };
		1A0D8AFC22A4A7F1004517B9 /* ResponseAlbum.swift in Sources */ = {isa = PBXBuildFile; fileRef = 1A0D8AFB22A4A7F1004517B9 /* ResponseAlbum.swift */; };
		1A0D8AFE22A4A80F004517B9 /* ItemAlbum.swift in Sources */ = {isa = PBXBuildFile; fileRef = 1A0D8AFD22A4A80F004517B9 /* ItemAlbum.swift */; };
		1A0D8B0022A4A81F004517B9 /* Album.swift in Sources */ = {isa = PBXBuildFile; fileRef = 1A0D8AFF22A4A81F004517B9 /* Album.swift */; };
		1A0D8B0222A4A990004517B9 /* AlbumManager.swift in Sources */ = {isa = PBXBuildFile; fileRef = 1A0D8B0122A4A990004517B9 /* AlbumManager.swift */; };
		1A0D8B0422A4AA2E004517B9 /* AlbumPresenter.swift in Sources */ = {isa = PBXBuildFile; fileRef = 1A0D8B0322A4AA2E004517B9 /* AlbumPresenter.swift */; };
		1A0D8B0722A4AB3C004517B9 /* AlbumTableViewCell.swift in Sources */ = {isa = PBXBuildFile; fileRef = 1A0D8B0522A4AB3C004517B9 /* AlbumTableViewCell.swift */; };
		1A0D8B0822A4AB3C004517B9 /* AlbumTableViewCell.xib in Resources */ = {isa = PBXBuildFile; fileRef = 1A0D8B0622A4AB3C004517B9 /* AlbumTableViewCell.xib */; };
		1A4FF25422A4071D0031A9C6 /* AppDelegate.swift in Sources */ = {isa = PBXBuildFile; fileRef = 1A4FF25322A4071D0031A9C6 /* AppDelegate.swift */; };
		1A4FF25622A4071D0031A9C6 /* ViewController.swift in Sources */ = {isa = PBXBuildFile; fileRef = 1A4FF25522A4071D0031A9C6 /* ViewController.swift */; };
		1A4FF25922A4071D0031A9C6 /* Main.storyboard in Resources */ = {isa = PBXBuildFile; fileRef = 1A4FF25722A4071D0031A9C6 /* Main.storyboard */; };
		1A4FF25B22A4071E0031A9C6 /* Assets.xcassets in Resources */ = {isa = PBXBuildFile; fileRef = 1A4FF25A22A4071E0031A9C6 /* Assets.xcassets */; };
		1A4FF25E22A4071E0031A9C6 /* LaunchScreen.storyboard in Resources */ = {isa = PBXBuildFile; fileRef = 1A4FF25C22A4071E0031A9C6 /* LaunchScreen.storyboard */; };
		1A4FF26922A4071E0031A9C6 /* CondorTestTests.swift in Sources */ = {isa = PBXBuildFile; fileRef = 1A4FF26822A4071E0031A9C6 /* CondorTestTests.swift */; };
		1A4FF27422A4071E0031A9C6 /* CondorTestUITests.swift in Sources */ = {isa = PBXBuildFile; fileRef = 1A4FF27322A4071E0031A9C6 /* CondorTestUITests.swift */; };
		1A7ED66E22A44AB2003940F4 /* Source.swift in Sources */ = {isa = PBXBuildFile; fileRef = 1A7ED66D22A44AB2003940F4 /* Source.swift */; };
		1A7ED67022A44AD5003940F4 /* BaseTableViewCell.swift in Sources */ = {isa = PBXBuildFile; fileRef = 1A7ED66F22A44AD5003940F4 /* BaseTableViewCell.swift */; };
		1AE841EC22A409E7002097C3 /* BaseRepository.swift in Sources */ = {isa = PBXBuildFile; fileRef = 1AE841EB22A409E7002097C3 /* BaseRepository.swift */; };
		3CF7A6999F4BC510A9A54640 /* Pods_CondorTestTests.framework in Frameworks */ = {isa = PBXBuildFile; fileRef = 6A4DFFBD6969E6E9B74E820E /* Pods_CondorTestTests.framework */; };
		756463C149152E006EFB68E3 /* Pods_CondorTest.framework in Frameworks */ = {isa = PBXBuildFile; fileRef = 4AE0FF170E4ABBB9CBB2DF36 /* Pods_CondorTest.framework */; };
/* End PBXBuildFile section */

/* Begin PBXContainerItemProxy section */
		1A4FF26522A4071E0031A9C6 /* PBXContainerItemProxy */ = {
			isa = PBXContainerItemProxy;
			containerPortal = 1A4FF24822A4071D0031A9C6 /* Project object */;
			proxyType = 1;
			remoteGlobalIDString = 1A4FF24F22A4071D0031A9C6;
			remoteInfo = CondorTest;
		};
		1A4FF27022A4071E0031A9C6 /* PBXContainerItemProxy */ = {
			isa = PBXContainerItemProxy;
			containerPortal = 1A4FF24822A4071D0031A9C6 /* Project object */;
			proxyType = 1;
			remoteGlobalIDString = 1A4FF24F22A4071D0031A9C6;
			remoteInfo = CondorTest;
		};
/* End PBXContainerItemProxy section */

/* Begin PBXFileReference section */
		173E3BBD724C123BE8DD552B /* Pods-CondorTestUITests.debug.xcconfig */ = {isa = PBXFileReference; includeInIndex = 1; lastKnownFileType = text.xcconfig; name = "Pods-CondorTestUITests.debug.xcconfig"; path = "Pods/Target Support Files/Pods-CondorTestUITests/Pods-CondorTestUITests.debug.xcconfig"; sourceTree = "<group>"; };
		1A0D8AB222A44F13004517B9 /* ArtistTableViewCell.swift */ = {isa = PBXFileReference; lastKnownFileType = sourcecode.swift; path = ArtistTableViewCell.swift; sourceTree = "<group>"; };
		1A0D8AB322A44F13004517B9 /* ArtistTableViewCell.xib */ = {isa = PBXFileReference; lastKnownFileType = file.xib; path = ArtistTableViewCell.xib; sourceTree = "<group>"; };
		1A0D8AB722A44F77004517B9 /* NSObject+ClassName.swift */ = {isa = PBXFileReference; lastKnownFileType = sourcecode.swift; path = "NSObject+ClassName.swift"; sourceTree = "<group>"; };
		1A0D8AB922A4507D004517B9 /* TableView+Register.swift */ = {isa = PBXFileReference; lastKnownFileType = sourcecode.swift; path = "TableView+Register.swift"; sourceTree = "<group>"; };
		1A0D8ABB22A4519D004517B9 /* ArtistRepository.swift */ = {isa = PBXFileReference; lastKnownFileType = sourcecode.swift; path = ArtistRepository.swift; sourceTree = "<group>"; };
		1A0D8ABD22A4521F004517B9 /* EndPoint.swift */ = {isa = PBXFileReference; lastKnownFileType = sourcecode.swift; path = EndPoint.swift; sourceTree = "<group>"; };
		1A0D8AC022A45373004517B9 /* ArtistRepositoryPortocol.swift */ = {isa = PBXFileReference; lastKnownFileType = sourcecode.swift; path = ArtistRepositoryPortocol.swift; sourceTree = "<group>"; };
		1A0D8AC322A45425004517B9 /* ArtistManager.swift */ = {isa = PBXFileReference; lastKnownFileType = sourcecode.swift; path = ArtistManager.swift; sourceTree = "<group>"; };
		1A0D8AC522A45465004517B9 /* BaseManager.swift */ = {isa = PBXFileReference; lastKnownFileType = sourcecode.swift; path = BaseManager.swift; sourceTree = "<group>"; };
		1A0D8AC822A45562004517B9 /* ArtistPresenter.swift */ = {isa = PBXFileReference; lastKnownFileType = sourcecode.swift; path = ArtistPresenter.swift; sourceTree = "<group>"; };
		1A0D8ACB22A45AA5004517B9 /* ResponseArtist.swift */ = {isa = PBXFileReference; lastKnownFileType = sourcecode.swift; path = ResponseArtist.swift; sourceTree = "<group>"; };
		1A0D8ACD22A45AEF004517B9 /* Artist.swift */ = {isa = PBXFileReference; lastKnownFileType = sourcecode.swift; path = Artist.swift; sourceTree = "<group>"; };
		1A0D8AD222A46FC4004517B9 /* BaseViewController.swift */ = {isa = PBXFileReference; lastKnownFileType = sourcecode.swift; path = BaseViewController.swift; sourceTree = "<group>"; };
		1A0D8AD422A475FA004517B9 /* Item.swift */ = {isa = PBXFileReference; lastKnownFileType = sourcecode.swift; path = Item.swift; sourceTree = "<group>"; };
		1A0D8AD622A47BFA004517B9 /* ImageArtist.swift */ = {isa = PBXFileReference; lastKnownFileType = sourcecode.swift; path = ImageArtist.swift; sourceTree = "<group>"; };
		1A0D8AD822A4800D004517B9 /* Follower.swift */ = {isa = PBXFileReference; lastKnownFileType = sourcecode.swift; path = Follower.swift; sourceTree = "<group>"; };
		1A0D8ADA22A484D5004517B9 /* ArtistRepositoryMock.swift */ = {isa = PBXFileReference; lastKnownFileType = sourcecode.swift; path = ArtistRepositoryMock.swift; sourceTree = "<group>"; };
		1A0D8ADD22A48928004517B9 /* mock.json */ = {isa = PBXFileReference; lastKnownFileType = text.json; path = mock.json; sourceTree = "<group>"; };
		1A0D8ADF22A48C74004517B9 /* es */ = {isa = PBXFileReference; lastKnownFileType = text.plist.strings; name = es; path = es.lproj/Main.strings; sourceTree = "<group>"; };
		1A0D8AE022A48C74004517B9 /* es */ = {isa = PBXFileReference; lastKnownFileType = text.plist.strings; name = es; path = es.lproj/LaunchScreen.strings; sourceTree = "<group>"; };
		1A0D8AE622A48D19004517B9 /* en */ = {isa = PBXFileReference; lastKnownFileType = text.plist.strings; name = en; path = en.lproj/Localizable.strings; sourceTree = "<group>"; };
		1A0D8AE822A48D1B004517B9 /* es */ = {isa = PBXFileReference; lastKnownFileType = text.plist.strings; name = es; path = es.lproj/Localizable.strings; sourceTree = "<group>"; };
		1A0D8AE922A48D73004517B9 /* Constants.swift */ = {isa = PBXFileReference; lastKnownFileType = sourcecode.swift; path = Constants.swift; sourceTree = "<group>"; };
		1A0D8AEC22A49662004517B9 /* NSError+EventHandler.swift */ = {isa = PBXFileReference; lastKnownFileType = sourcecode.swift; path = "NSError+EventHandler.swift"; sourceTree = "<group>"; };
		1A0D8AEE22A49F07004517B9 /* AlbumViewController.swift */ = {isa = PBXFileReference; lastKnownFileType = sourcecode.swift; path = AlbumViewController.swift; sourceTree = "<group>"; };
		1A0D8AF122A49F87004517B9 /* ArtistRoute.swift */ = {isa = PBXFileReference; lastKnownFileType = sourcecode.swift; path = ArtistRoute.swift; sourceTree = "<group>"; };
		1A0D8AF322A4A197004517B9 /* CellProtocol.swift */ = {isa = PBXFileReference; lastKnownFileType = sourcecode.swift; path = CellProtocol.swift; sourceTree = "<group>"; };
		1A0D8AF522A4A415004517B9 /* AlbumRepository.swift */ = {isa = PBXFileReference; lastKnownFileType = sourcecode.swift; path = AlbumRepository.swift; sourceTree = "<group>"; };
		1A0D8AF722A4A744004517B9 /* AlbumRepositoryProtocol.swift */ = {isa = PBXFileReference; lastKnownFileType = sourcecode.swift; path = AlbumRepositoryProtocol.swift; sourceTree = "<group>"; };
		1A0D8AFB22A4A7F1004517B9 /* ResponseAlbum.swift */ = {isa = PBXFileReference; lastKnownFileType = sourcecode.swift; path = ResponseAlbum.swift; sourceTree = "<group>"; };
		1A0D8AFD22A4A80F004517B9 /* ItemAlbum.swift */ = {isa = PBXFileReference; lastKnownFileType = sourcecode.swift; path = ItemAlbum.swift; sourceTree = "<group>"; };
		1A0D8AFF22A4A81F004517B9 /* Album.swift */ = {isa = PBXFileReference; lastKnownFileType = sourcecode.swift; path = Album.swift; sourceTree = "<group>"; };
		1A0D8B0122A4A990004517B9 /* AlbumManager.swift */ = {isa = PBXFileReference; lastKnownFileType = sourcecode.swift; path = AlbumManager.swift; sourceTree = "<group>"; };
		1A0D8B0322A4AA2E004517B9 /* AlbumPresenter.swift */ = {isa = PBXFileReference; lastKnownFileType = sourcecode.swift; path = AlbumPresenter.swift; sourceTree = "<group>"; };
		1A0D8B0522A4AB3C004517B9 /* AlbumTableViewCell.swift */ = {isa = PBXFileReference; lastKnownFileType = sourcecode.swift; path = AlbumTableViewCell.swift; sourceTree = "<group>"; };
		1A0D8B0622A4AB3C004517B9 /* AlbumTableViewCell.xib */ = {isa = PBXFileReference; lastKnownFileType = file.xib; path = AlbumTableViewCell.xib; sourceTree = "<group>"; };
		1A2B7F0A0AAEB2497D60FFA5 /* Pods-CondorTest.release.xcconfig */ = {isa = PBXFileReference; includeInIndex = 1; lastKnownFileType = text.xcconfig; name = "Pods-CondorTest.release.xcconfig"; path = "Pods/Target Support Files/Pods-CondorTest/Pods-CondorTest.release.xcconfig"; sourceTree = "<group>"; };
		1A4FF25022A4071D0031A9C6 /* CondorTest.app */ = {isa = PBXFileReference; explicitFileType = wrapper.application; includeInIndex = 0; path = CondorTest.app; sourceTree = BUILT_PRODUCTS_DIR; };
		1A4FF25322A4071D0031A9C6 /* AppDelegate.swift */ = {isa = PBXFileReference; lastKnownFileType = sourcecode.swift; path = AppDelegate.swift; sourceTree = "<group>"; };
		1A4FF25522A4071D0031A9C6 /* ViewController.swift */ = {isa = PBXFileReference; lastKnownFileType = sourcecode.swift; path = ViewController.swift; sourceTree = "<group>"; };
		1A4FF25822A4071D0031A9C6 /* Base */ = {isa = PBXFileReference; lastKnownFileType = file.storyboard; name = Base; path = Base.lproj/Main.storyboard; sourceTree = "<group>"; };
		1A4FF25A22A4071E0031A9C6 /* Assets.xcassets */ = {isa = PBXFileReference; lastKnownFileType = folder.assetcatalog; path = Assets.xcassets; sourceTree = "<group>"; };
		1A4FF25D22A4071E0031A9C6 /* Base */ = {isa = PBXFileReference; lastKnownFileType = file.storyboard; name = Base; path = Base.lproj/LaunchScreen.storyboard; sourceTree = "<group>"; };
		1A4FF25F22A4071E0031A9C6 /* Info.plist */ = {isa = PBXFileReference; lastKnownFileType = text.plist.xml; path = Info.plist; sourceTree = "<group>"; };
		1A4FF26422A4071E0031A9C6 /* CondorTestTests.xctest */ = {isa = PBXFileReference; explicitFileType = wrapper.cfbundle; includeInIndex = 0; path = CondorTestTests.xctest; sourceTree = BUILT_PRODUCTS_DIR; };
		1A4FF26822A4071E0031A9C6 /* CondorTestTests.swift */ = {isa = PBXFileReference; lastKnownFileType = sourcecode.swift; path = CondorTestTests.swift; sourceTree = "<group>"; };
		1A4FF26A22A4071E0031A9C6 /* Info.plist */ = {isa = PBXFileReference; lastKnownFileType = text.plist.xml; path = Info.plist; sourceTree = "<group>"; };
		1A4FF26F22A4071E0031A9C6 /* CondorTestUITests.xctest */ = {isa = PBXFileReference; explicitFileType = wrapper.cfbundle; includeInIndex = 0; path = CondorTestUITests.xctest; sourceTree = BUILT_PRODUCTS_DIR; };
		1A4FF27322A4071E0031A9C6 /* CondorTestUITests.swift */ = {isa = PBXFileReference; lastKnownFileType = sourcecode.swift; path = CondorTestUITests.swift; sourceTree = "<group>"; };
		1A4FF27522A4071E0031A9C6 /* Info.plist */ = {isa = PBXFileReference; lastKnownFileType = text.plist.xml; path = Info.plist; sourceTree = "<group>"; };
		1A7ED66D22A44AB2003940F4 /* Source.swift */ = {isa = PBXFileReference; lastKnownFileType = sourcecode.swift; path = Source.swift; sourceTree = "<group>"; };
		1A7ED66F22A44AD5003940F4 /* BaseTableViewCell.swift */ = {isa = PBXFileReference; lastKnownFileType = sourcecode.swift; path = BaseTableViewCell.swift; sourceTree = "<group>"; };
		1AE841EB22A409E7002097C3 /* BaseRepository.swift */ = {isa = PBXFileReference; lastKnownFileType = sourcecode.swift; path = BaseRepository.swift; sourceTree = "<group>"; };
		1B57A0956E5D0EA0F45EDFBE /* Pods-CondorTestTests.mock.xcconfig */ = {isa = PBXFileReference; includeInIndex = 1; lastKnownFileType = text.xcconfig; name = "Pods-CondorTestTests.mock.xcconfig"; path = "Pods/Target Support Files/Pods-CondorTestTests/Pods-CondorTestTests.mock.xcconfig"; sourceTree = "<group>"; };
		2323BE6206B4EC006B82FA2D /* Pods-CondorTestTests.debug.xcconfig */ = {isa = PBXFileReference; includeInIndex = 1; lastKnownFileType = text.xcconfig; name = "Pods-CondorTestTests.debug.xcconfig"; path = "Pods/Target Support Files/Pods-CondorTestTests/Pods-CondorTestTests.debug.xcconfig"; sourceTree = "<group>"; };
		4AE0FF170E4ABBB9CBB2DF36 /* Pods_CondorTest.framework */ = {isa = PBXFileReference; explicitFileType = wrapper.framework; includeInIndex = 0; path = Pods_CondorTest.framework; sourceTree = BUILT_PRODUCTS_DIR; };
		666C29544C9647E0939459F0 /* Pods-CondorTest.mock.xcconfig */ = {isa = PBXFileReference; includeInIndex = 1; lastKnownFileType = text.xcconfig; name = "Pods-CondorTest.mock.xcconfig"; path = "Pods/Target Support Files/Pods-CondorTest/Pods-CondorTest.mock.xcconfig"; sourceTree = "<group>"; };
		6A4DFFBD6969E6E9B74E820E /* Pods_CondorTestTests.framework */ = {isa = PBXFileReference; explicitFileType = wrapper.framework; includeInIndex = 0; path = Pods_CondorTestTests.framework; sourceTree = BUILT_PRODUCTS_DIR; };
		6B38A693D75E7BE3AA3D32DE /* Pods-CondorTest.debug.xcconfig */ = {isa = PBXFileReference; includeInIndex = 1; lastKnownFileType = text.xcconfig; name = "Pods-CondorTest.debug.xcconfig"; path = "Pods/Target Support Files/Pods-CondorTest/Pods-CondorTest.debug.xcconfig"; sourceTree = "<group>"; };
		7CE6318716403346BA976C34 /* Pods-CondorTestTests.release.xcconfig */ = {isa = PBXFileReference; includeInIndex = 1; lastKnownFileType = text.xcconfig; name = "Pods-CondorTestTests.release.xcconfig"; path = "Pods/Target Support Files/Pods-CondorTestTests/Pods-CondorTestTests.release.xcconfig"; sourceTree = "<group>"; };
		949CC3B4879B5B8A1D86D52A /* Pods-CondorTestUITests.mock.xcconfig */ = {isa = PBXFileReference; includeInIndex = 1; lastKnownFileType = text.xcconfig; name = "Pods-CondorTestUITests.mock.xcconfig"; path = "Pods/Target Support Files/Pods-CondorTestUITests/Pods-CondorTestUITests.mock.xcconfig"; sourceTree = "<group>"; };
		970BE7CA4AC536717D4331D6 /* Pods-CondorTestUITests.release.xcconfig */ = {isa = PBXFileReference; includeInIndex = 1; lastKnownFileType = text.xcconfig; name = "Pods-CondorTestUITests.release.xcconfig"; path = "Pods/Target Support Files/Pods-CondorTestUITests/Pods-CondorTestUITests.release.xcconfig"; sourceTree = "<group>"; };
		A7DC25A807A312101237F4AC /* Pods_CondorTestUITests.framework */ = {isa = PBXFileReference; explicitFileType = wrapper.framework; includeInIndex = 0; path = Pods_CondorTestUITests.framework; sourceTree = BUILT_PRODUCTS_DIR; };
/* End PBXFileReference section */

/* Begin PBXFrameworksBuildPhase section */
		1A4FF24D22A4071D0031A9C6 /* Frameworks */ = {
			isa = PBXFrameworksBuildPhase;
			buildActionMask = 2147483647;
			files = (
				756463C149152E006EFB68E3 /* Pods_CondorTest.framework in Frameworks */,
			);
			runOnlyForDeploymentPostprocessing = 0;
		};
		1A4FF26122A4071E0031A9C6 /* Frameworks */ = {
			isa = PBXFrameworksBuildPhase;
			buildActionMask = 2147483647;
			files = (
				3CF7A6999F4BC510A9A54640 /* Pods_CondorTestTests.framework in Frameworks */,
			);
			runOnlyForDeploymentPostprocessing = 0;
		};
		1A4FF26C22A4071E0031A9C6 /* Frameworks */ = {
			isa = PBXFrameworksBuildPhase;
			buildActionMask = 2147483647;
			files = (
				04B3B5D69F930041F19A99E2 /* Pods_CondorTestUITests.framework in Frameworks */,
			);
			runOnlyForDeploymentPostprocessing = 0;
		};
/* End PBXFrameworksBuildPhase section */

/* Begin PBXGroup section */
		012C3F8B89E34C57F24F292E /* Frameworks */ = {
			isa = PBXGroup;
			children = (
				4AE0FF170E4ABBB9CBB2DF36 /* Pods_CondorTest.framework */,
				6A4DFFBD6969E6E9B74E820E /* Pods_CondorTestTests.framework */,
				A7DC25A807A312101237F4AC /* Pods_CondorTestUITests.framework */,
			);
			name = Frameworks;
			sourceTree = "<group>";
		};
		1A0D0B0B22A4BCCF008ADC12 /* StoryBoards */ = {
			isa = PBXGroup;
			children = (
				1A4FF25722A4071D0031A9C6 /* Main.storyboard */,
				1A4FF25C22A4071E0031A9C6 /* LaunchScreen.storyboard */,
			);
			path = StoryBoards;
			sourceTree = "<group>";
		};
		1A0D0B0C22A4BCFD008ADC12 /* Application */ = {
			isa = PBXGroup;
			children = (
				1A4FF25322A4071D0031A9C6 /* AppDelegate.swift */,
				1A4FF25F22A4071E0031A9C6 /* Info.plist */,
			);
			path = Application;
			sourceTree = "<group>";
		};
		1A0D0B0D22A4BD14008ADC12 /* Resources */ = {
			isa = PBXGroup;
			children = (
				1A4FF25A22A4071E0031A9C6 /* Assets.xcassets */,
				1A0D8ADD22A48928004517B9 /* mock.json */,
				1A0D8AE722A48D19004517B9 /* Localizable.strings */,
			);
			path = Resources;
			sourceTree = "<group>";
		};
		1A0D8AB622A44F56004517B9 /* Utils */ = {
			isa = PBXGroup;
			children = (
				1A0D8AB722A44F77004517B9 /* NSObject+ClassName.swift */,
				1A0D8AB922A4507D004517B9 /* TableView+Register.swift */,
				1A0D8AE922A48D73004517B9 /* Constants.swift */,
			);
			path = Utils;
			sourceTree = "<group>";
		};
		1A0D8ABF22A45348004517B9 /* ReposiotryProtocol */ = {
			isa = PBXGroup;
			children = (
				1A0D8AC022A45373004517B9 /* ArtistRepositoryPortocol.swift */,
				1A0D8AF722A4A744004517B9 /* AlbumRepositoryProtocol.swift */,
			);
			path = ReposiotryProtocol;
			sourceTree = "<group>";
		};
		1A0D8AC222A45417004517B9 /* Managers */ = {
			isa = PBXGroup;
			children = (
				1A0D8AC322A45425004517B9 /* ArtistManager.swift */,
				1A0D8AC522A45465004517B9 /* BaseManager.swift */,
				1A0D8B0122A4A990004517B9 /* AlbumManager.swift */,
			);
			path = Managers;
			sourceTree = "<group>";
		};
		1A0D8AC722A45551004517B9 /* Presenter */ = {
			isa = PBXGroup;
			children = (
				1A0D8AC822A45562004517B9 /* ArtistPresenter.swift */,
				1A0D8B0322A4AA2E004517B9 /* AlbumPresenter.swift */,
			);
			path = Presenter;
			sourceTree = "<group>";
		};
		1A0D8ACA22A45940004517B9 /* Dto */ = {
			isa = PBXGroup;
			children = (
				1A0D8AFA22A4A7E3004517B9 /* Album */,
				1A0D8AF922A4A7D9004517B9 /* Artist */,
			);
			path = Dto;
			sourceTree = "<group>";
		};
		1A0D8AD122A46FA7004517B9 /* ViewControllers */ = {
			isa = PBXGroup;
			children = (
				1A4FF25522A4071D0031A9C6 /* ViewController.swift */,
				1A0D8AD222A46FC4004517B9 /* BaseViewController.swift */,
				1A0D8AEE22A49F07004517B9 /* AlbumViewController.swift */,
			);
			path = ViewControllers;
			sourceTree = "<group>";
		};
		1A0D8ADC22A487B3004517B9 /* Api */ = {
			isa = PBXGroup;
			children = (
				1A0D8ABD22A4521F004517B9 /* EndPoint.swift */,
			);
			path = Api;
			sourceTree = "<group>";
		};
		1A0D8AEB22A4962C004517B9 /* Error */ = {
			isa = PBXGroup;
			children = (
				1A0D8AEC22A49662004517B9 /* NSError+EventHandler.swift */,
			);
			path = Error;
			sourceTree = "<group>";
		};
		1A0D8AF022A49F77004517B9 /* Routes */ = {
			isa = PBXGroup;
			children = (
				1A0D8AF122A49F87004517B9 /* ArtistRoute.swift */,
			);
			path = Routes;
			sourceTree = "<group>";
		};
		1A0D8AF922A4A7D9004517B9 /* Artist */ = {
			isa = PBXGroup;
			children = (
				1A0D8ACB22A45AA5004517B9 /* ResponseArtist.swift */,
				1A0D8ACD22A45AEF004517B9 /* Artist.swift */,
				1A0D8AD422A475FA004517B9 /* Item.swift */,
				1A0D8AD622A47BFA004517B9 /* ImageArtist.swift */,
				1A0D8AD822A4800D004517B9 /* Follower.swift */,
			);
			path = Artist;
			sourceTree = "<group>";
		};
		1A0D8AFA22A4A7E3004517B9 /* Album */ = {
			isa = PBXGroup;
			children = (
				1A0D8AFB22A4A7F1004517B9 /* ResponseAlbum.swift */,
				1A0D8AFD22A4A80F004517B9 /* ItemAlbum.swift */,
				1A0D8AFF22A4A81F004517B9 /* Album.swift */,
			);
			path = Album;
			sourceTree = "<group>";
		};
		1A4FF24722A4071D0031A9C6 = {
			isa = PBXGroup;
			children = (
				1A4FF25222A4071D0031A9C6 /* CondorTest */,
				1A4FF26722A4071E0031A9C6 /* CondorTestTests */,
				1A4FF27222A4071E0031A9C6 /* CondorTestUITests */,
				1A4FF25122A4071D0031A9C6 /* Products */,
				29E35068D94B24CB976A6A13 /* Pods */,
				012C3F8B89E34C57F24F292E /* Frameworks */,
			);
			sourceTree = "<group>";
		};
		1A4FF25122A4071D0031A9C6 /* Products */ = {
			isa = PBXGroup;
			children = (
				1A4FF25022A4071D0031A9C6 /* CondorTest.app */,
				1A4FF26422A4071E0031A9C6 /* CondorTestTests.xctest */,
				1A4FF26F22A4071E0031A9C6 /* CondorTestUITests.xctest */,
			);
			name = Products;
			sourceTree = "<group>";
		};
		1A4FF25222A4071D0031A9C6 /* CondorTest */ = {
			isa = PBXGroup;
			children = (
				1A0D0B0D22A4BD14008ADC12 /* Resources */,
				1A0D0B0C22A4BCFD008ADC12 /* Application */,
				1A0D0B0B22A4BCCF008ADC12 /* StoryBoards */,
				1A0D8AF022A49F77004517B9 /* Routes */,
				1A0D8AD122A46FA7004517B9 /* ViewControllers */,
				1A0D8AC722A45551004517B9 /* Presenter */,
				1A0D8AB622A44F56004517B9 /* Utils */,
				1A7ED66C22A4494D003940F4 /* Cells */,
				1A7ED66B22A4493C003940F4 /* Source */,
				1AE841E922A409C0002097C3 /* Core */,
			);
			path = CondorTest;
			sourceTree = "<group>";
		};
		1A4FF26722A4071E0031A9C6 /* CondorTestTests */ = {
			isa = PBXGroup;
			children = (
				1A4FF26822A4071E0031A9C6 /* CondorTestTests.swift */,
				1A4FF26A22A4071E0031A9C6 /* Info.plist */,
			);
			path = CondorTestTests;
			sourceTree = "<group>";
		};
		1A4FF27222A4071E0031A9C6 /* CondorTestUITests */ = {
			isa = PBXGroup;
			children = (
				1A4FF27322A4071E0031A9C6 /* CondorTestUITests.swift */,
				1A4FF27522A4071E0031A9C6 /* Info.plist */,
			);
			path = CondorTestUITests;
			sourceTree = "<group>";
		};
		1A7ED66B22A4493C003940F4 /* Source */ = {
			isa = PBXGroup;
			children = (
				1A7ED66D22A44AB2003940F4 /* Source.swift */,
			);
			path = Source;
			sourceTree = "<group>";
		};
		1A7ED66C22A4494D003940F4 /* Cells */ = {
			isa = PBXGroup;
			children = (
				1A7ED66F22A44AD5003940F4 /* BaseTableViewCell.swift */,
				1A0D8AB222A44F13004517B9 /* ArtistTableViewCell.swift */,
				1A0D8AB322A44F13004517B9 /* ArtistTableViewCell.xib */,
				1A0D8AF322A4A197004517B9 /* CellProtocol.swift */,
				1A0D8B0522A4AB3C004517B9 /* AlbumTableViewCell.swift */,
				1A0D8B0622A4AB3C004517B9 /* AlbumTableViewCell.xib */,
			);
			path = Cells;
			sourceTree = "<group>";
		};
		1AE841E922A409C0002097C3 /* Core */ = {
			isa = PBXGroup;
			children = (
				1A0D8AEB22A4962C004517B9 /* Error */,
				1A0D8ADC22A487B3004517B9 /* Api */,
				1A0D8ACA22A45940004517B9 /* Dto */,
				1A0D8AC222A45417004517B9 /* Managers */,
				1A0D8ABF22A45348004517B9 /* ReposiotryProtocol */,
				1AE841EA22A409C6002097C3 /* Repository */,
			);
			path = Core;
			sourceTree = "<group>";
		};
		1AE841EA22A409C6002097C3 /* Repository */ = {
			isa = PBXGroup;
			children = (
				1AE841EB22A409E7002097C3 /* BaseRepository.swift */,
				1A0D8ABB22A4519D004517B9 /* ArtistRepository.swift */,
				1A0D8ADA22A484D5004517B9 /* ArtistRepositoryMock.swift */,
				1A0D8AF522A4A415004517B9 /* AlbumRepository.swift */,
			);
			path = Repository;
			sourceTree = "<group>";
		};
		29E35068D94B24CB976A6A13 /* Pods */ = {
			isa = PBXGroup;
			children = (
				6B38A693D75E7BE3AA3D32DE /* Pods-CondorTest.debug.xcconfig */,
				666C29544C9647E0939459F0 /* Pods-CondorTest.mock.xcconfig */,
				1A2B7F0A0AAEB2497D60FFA5 /* Pods-CondorTest.release.xcconfig */,
				2323BE6206B4EC006B82FA2D /* Pods-CondorTestTests.debug.xcconfig */,
				1B57A0956E5D0EA0F45EDFBE /* Pods-CondorTestTests.mock.xcconfig */,
				7CE6318716403346BA976C34 /* Pods-CondorTestTests.release.xcconfig */,
				173E3BBD724C123BE8DD552B /* Pods-CondorTestUITests.debug.xcconfig */,
				949CC3B4879B5B8A1D86D52A /* Pods-CondorTestUITests.mock.xcconfig */,
				970BE7CA4AC536717D4331D6 /* Pods-CondorTestUITests.release.xcconfig */,
			);
			name = Pods;
			sourceTree = "<group>";
		};
/* End PBXGroup section */

/* Begin PBXNativeTarget section */
		1A4FF24F22A4071D0031A9C6 /* CondorTest */ = {
			isa = PBXNativeTarget;
			buildConfigurationList = 1A4FF27822A4071E0031A9C6 /* Build configuration list for PBXNativeTarget "CondorTest" */;
			buildPhases = (
				92BBD1FF58F1AF9F9C769539 /* [CP] Check Pods Manifest.lock */,
				1A4FF24C22A4071D0031A9C6 /* Sources */,
				1A4FF24D22A4071D0031A9C6 /* Frameworks */,
				1A4FF24E22A4071D0031A9C6 /* Resources */,
				D11B375111CB55106B28CCB5 /* [CP] Embed Pods Frameworks */,
			);
			buildRules = (
			);
			dependencies = (
			);
			name = CondorTest;
			productName = CondorTest;
			productReference = 1A4FF25022A4071D0031A9C6 /* CondorTest.app */;
			productType = "com.apple.product-type.application";
		};
		1A4FF26322A4071E0031A9C6 /* CondorTestTests */ = {
			isa = PBXNativeTarget;
			buildConfigurationList = 1A4FF27B22A4071E0031A9C6 /* Build configuration list for PBXNativeTarget "CondorTestTests" */;
			buildPhases = (
				6A90E5A4499CF424D4691F29 /* [CP] Check Pods Manifest.lock */,
				1A4FF26022A4071E0031A9C6 /* Sources */,
				1A4FF26122A4071E0031A9C6 /* Frameworks */,
				1A4FF26222A4071E0031A9C6 /* Resources */,
			);
			buildRules = (
			);
			dependencies = (
				1A4FF26622A4071E0031A9C6 /* PBXTargetDependency */,
			);
			name = CondorTestTests;
			productName = CondorTestTests;
			productReference = 1A4FF26422A4071E0031A9C6 /* CondorTestTests.xctest */;
			productType = "com.apple.product-type.bundle.unit-test";
		};
		1A4FF26E22A4071E0031A9C6 /* CondorTestUITests */ = {
			isa = PBXNativeTarget;
			buildConfigurationList = 1A4FF27E22A4071E0031A9C6 /* Build configuration list for PBXNativeTarget "CondorTestUITests" */;
			buildPhases = (
				B0EE0AC817BE0E0DEFD7AAFF /* [CP] Check Pods Manifest.lock */,
				1A4FF26B22A4071E0031A9C6 /* Sources */,
				1A4FF26C22A4071E0031A9C6 /* Frameworks */,
				1A4FF26D22A4071E0031A9C6 /* Resources */,
			);
			buildRules = (
			);
			dependencies = (
				1A4FF27122A4071E0031A9C6 /* PBXTargetDependency */,
			);
			name = CondorTestUITests;
			productName = CondorTestUITests;
			productReference = 1A4FF26F22A4071E0031A9C6 /* CondorTestUITests.xctest */;
			productType = "com.apple.product-type.bundle.ui-testing";
		};
/* End PBXNativeTarget section */

/* Begin PBXProject section */
		1A4FF24822A4071D0031A9C6 /* Project object */ = {
			isa = PBXProject;
			attributes = {
				LastSwiftUpdateCheck = 1020;
				LastUpgradeCheck = 1020;
				ORGANIZATIONNAME = "Carlos Pava";
				TargetAttributes = {
					1A4FF24F22A4071D0031A9C6 = {
						CreatedOnToolsVersion = 10.2.1;
					};
					1A4FF26322A4071E0031A9C6 = {
						CreatedOnToolsVersion = 10.2.1;
						TestTargetID = 1A4FF24F22A4071D0031A9C6;
					};
					1A4FF26E22A4071E0031A9C6 = {
						CreatedOnToolsVersion = 10.2.1;
						TestTargetID = 1A4FF24F22A4071D0031A9C6;
					};
				};
			};
			buildConfigurationList = 1A4FF24B22A4071D0031A9C6 /* Build configuration list for PBXProject "CondorTest" */;
			compatibilityVersion = "Xcode 9.3";
			developmentRegion = en;
			hasScannedForEncodings = 0;
			knownRegions = (
				en,
				Base,
				es,
			);
			mainGroup = 1A4FF24722A4071D0031A9C6;
			productRefGroup = 1A4FF25122A4071D0031A9C6 /* Products */;
			projectDirPath = "";
			projectRoot = "";
			targets = (
				1A4FF24F22A4071D0031A9C6 /* CondorTest */,
				1A4FF26322A4071E0031A9C6 /* CondorTestTests */,
				1A4FF26E22A4071E0031A9C6 /* CondorTestUITests */,
			);
		};
/* End PBXProject section */

/* Begin PBXResourcesBuildPhase section */
		1A4FF24E22A4071D0031A9C6 /* Resources */ = {
			isa = PBXResourcesBuildPhase;
			buildActionMask = 2147483647;
			files = (
				1A4FF25E22A4071E0031A9C6 /* LaunchScreen.storyboard in Resources */,
				1A0D8AE522A48D19004517B9 /* Localizable.strings in Resources */,
				1A4FF25B22A4071E0031A9C6 /* Assets.xcassets in Resources */,
				1A0D8AB522A44F13004517B9 /* ArtistTableViewCell.xib in Resources */,
				1A0D8B0822A4AB3C004517B9 /* AlbumTableViewCell.xib in Resources */,
				1A4FF25922A4071D0031A9C6 /* Main.storyboard in Resources */,
				1A0D8ADE22A48928004517B9 /* mock.json in Resources */,
			);
			runOnlyForDeploymentPostprocessing = 0;
		};
		1A4FF26222A4071E0031A9C6 /* Resources */ = {
			isa = PBXResourcesBuildPhase;
			buildActionMask = 2147483647;
			files = (
			);
			runOnlyForDeploymentPostprocessing = 0;
		};
		1A4FF26D22A4071E0031A9C6 /* Resources */ = {
			isa = PBXResourcesBuildPhase;
			buildActionMask = 2147483647;
			files = (
			);
			runOnlyForDeploymentPostprocessing = 0;
		};
/* End PBXResourcesBuildPhase section */

/* Begin PBXShellScriptBuildPhase section */
		6A90E5A4499CF424D4691F29 /* [CP] Check Pods Manifest.lock */ = {
			isa = PBXShellScriptBuildPhase;
			buildActionMask = 2147483647;
			files = (
			);
			inputFileListPaths = (
			);
			inputPaths = (
				"${PODS_PODFILE_DIR_PATH}/Podfile.lock",
				"${PODS_ROOT}/Manifest.lock",
			);
			name = "[CP] Check Pods Manifest.lock";
			outputFileListPaths = (
			);
			outputPaths = (
				"$(DERIVED_FILE_DIR)/Pods-CondorTestTests-checkManifestLockResult.txt",
			);
			runOnlyForDeploymentPostprocessing = 0;
			shellPath = /bin/sh;
			shellScript = "diff \"${PODS_PODFILE_DIR_PATH}/Podfile.lock\" \"${PODS_ROOT}/Manifest.lock\" > /dev/null\nif [ $? != 0 ] ; then\n    # print error to STDERR\n    echo \"error: The sandbox is not in sync with the Podfile.lock. Run 'pod install' or update your CocoaPods installation.\" >&2\n    exit 1\nfi\n# This output is used by Xcode 'outputs' to avoid re-running this script phase.\necho \"SUCCESS\" > \"${SCRIPT_OUTPUT_FILE_0}\"\n";
			showEnvVarsInLog = 0;
		};
		92BBD1FF58F1AF9F9C769539 /* [CP] Check Pods Manifest.lock */ = {
			isa = PBXShellScriptBuildPhase;
			buildActionMask = 2147483647;
			files = (
			);
			inputFileListPaths = (
			);
			inputPaths = (
				"${PODS_PODFILE_DIR_PATH}/Podfile.lock",
				"${PODS_ROOT}/Manifest.lock",
			);
			name = "[CP] Check Pods Manifest.lock";
			outputFileListPaths = (
			);
			outputPaths = (
				"$(DERIVED_FILE_DIR)/Pods-CondorTest-checkManifestLockResult.txt",
			);
			runOnlyForDeploymentPostprocessing = 0;
			shellPath = /bin/sh;
			shellScript = "diff \"${PODS_PODFILE_DIR_PATH}/Podfile.lock\" \"${PODS_ROOT}/Manifest.lock\" > /dev/null\nif [ $? != 0 ] ; then\n    # print error to STDERR\n    echo \"error: The sandbox is not in sync with the Podfile.lock. Run 'pod install' or update your CocoaPods installation.\" >&2\n    exit 1\nfi\n# This output is used by Xcode 'outputs' to avoid re-running this script phase.\necho \"SUCCESS\" > \"${SCRIPT_OUTPUT_FILE_0}\"\n";
			showEnvVarsInLog = 0;
		};
		B0EE0AC817BE0E0DEFD7AAFF /* [CP] Check Pods Manifest.lock */ = {
			isa = PBXShellScriptBuildPhase;
			buildActionMask = 2147483647;
			files = (
			);
			inputFileListPaths = (
			);
			inputPaths = (
				"${PODS_PODFILE_DIR_PATH}/Podfile.lock",
				"${PODS_ROOT}/Manifest.lock",
			);
			name = "[CP] Check Pods Manifest.lock";
			outputFileListPaths = (
			);
			outputPaths = (
				"$(DERIVED_FILE_DIR)/Pods-CondorTestUITests-checkManifestLockResult.txt",
			);
			runOnlyForDeploymentPostprocessing = 0;
			shellPath = /bin/sh;
			shellScript = "diff \"${PODS_PODFILE_DIR_PATH}/Podfile.lock\" \"${PODS_ROOT}/Manifest.lock\" > /dev/null\nif [ $? != 0 ] ; then\n    # print error to STDERR\n    echo \"error: The sandbox is not in sync with the Podfile.lock. Run 'pod install' or update your CocoaPods installation.\" >&2\n    exit 1\nfi\n# This output is used by Xcode 'outputs' to avoid re-running this script phase.\necho \"SUCCESS\" > \"${SCRIPT_OUTPUT_FILE_0}\"\n";
			showEnvVarsInLog = 0;
		};
		D11B375111CB55106B28CCB5 /* [CP] Embed Pods Frameworks */ = {
			isa = PBXShellScriptBuildPhase;
			buildActionMask = 2147483647;
			files = (
			);
			inputFileListPaths = (
			);
			inputPaths = (
				"${SRCROOT}/Pods/Target Support Files/Pods-CondorTest/Pods-CondorTest-frameworks.sh",
				"${BUILT_PRODUCTS_DIR}/Alamofire/Alamofire.framework",
				"${BUILT_PRODUCTS_DIR}/AlamofireMapper/AlamofireMapper.framework",
				"${BUILT_PRODUCTS_DIR}/SDWebImage/SDWebImage.framework",
			);
			name = "[CP] Embed Pods Frameworks";
			outputFileListPaths = (
			);
			outputPaths = (
				"${TARGET_BUILD_DIR}/${FRAMEWORKS_FOLDER_PATH}/Alamofire.framework",
				"${TARGET_BUILD_DIR}/${FRAMEWORKS_FOLDER_PATH}/AlamofireMapper.framework",
				"${TARGET_BUILD_DIR}/${FRAMEWORKS_FOLDER_PATH}/SDWebImage.framework",
			);
			runOnlyForDeploymentPostprocessing = 0;
			shellPath = /bin/sh;
			shellScript = "\"${SRCROOT}/Pods/Target Support Files/Pods-CondorTest/Pods-CondorTest-frameworks.sh\"\n";
			showEnvVarsInLog = 0;
		};
/* End PBXShellScriptBuildPhase section */

/* Begin PBXSourcesBuildPhase section */
		1A4FF24C22A4071D0031A9C6 /* Sources */ = {
			isa = PBXSourcesBuildPhase;
			buildActionMask = 2147483647;
			files = (
				1A0D8AB822A44F77004517B9 /* NSObject+ClassName.swift in Sources */,
				1A0D8AF422A4A197004517B9 /* CellProtocol.swift in Sources */,
				1A0D8AEA22A48D73004517B9 /* Constants.swift in Sources */,
				1A0D8AF622A4A415004517B9 /* AlbumRepository.swift in Sources */,
				1A0D8AC122A45373004517B9 /* ArtistRepositoryPortocol.swift in Sources */,
				1A7ED66E22A44AB2003940F4 /* Source.swift in Sources */,
				1A0D8ACC22A45AA5004517B9 /* ResponseArtist.swift in Sources */,
				1A0D8AF822A4A744004517B9 /* AlbumRepositoryProtocol.swift in Sources */,
				1AE841EC22A409E7002097C3 /* BaseRepository.swift in Sources */,
				1A0D8ADB22A484D5004517B9 /* ArtistRepositoryMock.swift in Sources */,
				1A0D8AC622A45465004517B9 /* BaseManager.swift in Sources */,
				1A0D8B0022A4A81F004517B9 /* Album.swift in Sources */,
				1A0D8AC422A45425004517B9 /* ArtistManager.swift in Sources */,
				1A0D8AD322A46FC4004517B9 /* BaseViewController.swift in Sources */,
				1A4FF25622A4071D0031A9C6 /* ViewController.swift in Sources */,
				1A7ED67022A44AD5003940F4 /* BaseTableViewCell.swift in Sources */,
				1A0D8AEF22A49F07004517B9 /* AlbumViewController.swift in Sources */,
				1A0D8AD522A475FA004517B9 /* Item.swift in Sources */,
				1A0D8AD922A4800D004517B9 /* Follower.swift in Sources */,
				1A0D8AED22A49662004517B9 /* NSError+EventHandler.swift in Sources */,
				1A0D8AB422A44F13004517B9 /* ArtistTableViewCell.swift in Sources */,
				1A0D8B0722A4AB3C004517B9 /* AlbumTableViewCell.swift in Sources */,
				1A0D8AC922A45562004517B9 /* ArtistPresenter.swift in Sources */,
				1A0D8B0422A4AA2E004517B9 /* AlbumPresenter.swift in Sources */,
				1A0D8ABC22A4519D004517B9 /* ArtistRepository.swift in Sources */,
				1A0D8ABA22A4507D004517B9 /* TableView+Register.swift in Sources */,
				1A0D8AD722A47BFA004517B9 /* ImageArtist.swift in Sources */,
				1A0D8B0222A4A990004517B9 /* AlbumManager.swift in Sources */,
				1A0D8ABE22A4521F004517B9 /* EndPoint.swift in Sources */,
				1A0D8ACE22A45AEF004517B9 /* Artist.swift in Sources */,
				1A0D8AFE22A4A80F004517B9 /* ItemAlbum.swift in Sources */,
				1A0D8AFC22A4A7F1004517B9 /* ResponseAlbum.swift in Sources */,
				1A0D8AF222A49F87004517B9 /* ArtistRoute.swift in Sources */,
				1A4FF25422A4071D0031A9C6 /* AppDelegate.swift in Sources */,
			);
			runOnlyForDeploymentPostprocessing = 0;
		};
		1A4FF26022A4071E0031A9C6 /* Sources */ = {
			isa = PBXSourcesBuildPhase;
			buildActionMask = 2147483647;
			files = (
				1A4FF26922A4071E0031A9C6 /* CondorTestTests.swift in Sources */,
			);
			runOnlyForDeploymentPostprocessing = 0;
		};
		1A4FF26B22A4071E0031A9C6 /* Sources */ = {
			isa = PBXSourcesBuildPhase;
			buildActionMask = 2147483647;
			files = (
				1A4FF27422A4071E0031A9C6 /* CondorTestUITests.swift in Sources */,
			);
			runOnlyForDeploymentPostprocessing = 0;
		};
/* End PBXSourcesBuildPhase section */

/* Begin PBXTargetDependency section */
		1A4FF26622A4071E0031A9C6 /* PBXTargetDependency */ = {
			isa = PBXTargetDependency;
			target = 1A4FF24F22A4071D0031A9C6 /* CondorTest */;
			targetProxy = 1A4FF26522A4071E0031A9C6 /* PBXContainerItemProxy */;
		};
		1A4FF27122A4071E0031A9C6 /* PBXTargetDependency */ = {
			isa = PBXTargetDependency;
			target = 1A4FF24F22A4071D0031A9C6 /* CondorTest */;
			targetProxy = 1A4FF27022A4071E0031A9C6 /* PBXContainerItemProxy */;
		};
/* End PBXTargetDependency section */

/* Begin PBXVariantGroup section */
		1A0D8AE722A48D19004517B9 /* Localizable.strings */ = {
			isa = PBXVariantGroup;
			children = (
				1A0D8AE622A48D19004517B9 /* en */,
				1A0D8AE822A48D1B004517B9 /* es */,
			);
			name = Localizable.strings;
			sourceTree = "<group>";
		};
		1A4FF25722A4071D0031A9C6 /* Main.storyboard */ = {
			isa = PBXVariantGroup;
			children = (
				1A4FF25822A4071D0031A9C6 /* Base */,
				1A0D8ADF22A48C74004517B9 /* es */,
			);
			name = Main.storyboard;
			sourceTree = "<group>";
		};
		1A4FF25C22A4071E0031A9C6 /* LaunchScreen.storyboard */ = {
			isa = PBXVariantGroup;
			children = (
				1A4FF25D22A4071E0031A9C6 /* Base */,
				1A0D8AE022A48C74004517B9 /* es */,
			);
			name = LaunchScreen.storyboard;
			sourceTree = "<group>";
		};
/* End PBXVariantGroup section */

/* Begin XCBuildConfiguration section */
		1A4FF27622A4071E0031A9C6 /* Debug */ = {
			isa = XCBuildConfiguration;
			buildSettings = {
				ALWAYS_SEARCH_USER_PATHS = NO;
				CLANG_ANALYZER_LOCALIZABILITY_NONLOCALIZED = YES;
				CLANG_ANALYZER_NONNULL = YES;
				CLANG_ANALYZER_NUMBER_OBJECT_CONVERSION = YES_AGGRESSIVE;
				CLANG_CXX_LANGUAGE_STANDARD = "gnu++14";
				CLANG_CXX_LIBRARY = "libc++";
				CLANG_ENABLE_MODULES = YES;
				CLANG_ENABLE_OBJC_ARC = YES;
				CLANG_ENABLE_OBJC_WEAK = YES;
				CLANG_WARN_BLOCK_CAPTURE_AUTORELEASING = YES;
				CLANG_WARN_BOOL_CONVERSION = YES;
				CLANG_WARN_COMMA = YES;
				CLANG_WARN_CONSTANT_CONVERSION = YES;
				CLANG_WARN_DEPRECATED_OBJC_IMPLEMENTATIONS = YES;
				CLANG_WARN_DIRECT_OBJC_ISA_USAGE = YES_ERROR;
				CLANG_WARN_DOCUMENTATION_COMMENTS = YES;
				CLANG_WARN_EMPTY_BODY = YES;
				CLANG_WARN_ENUM_CONVERSION = YES;
				CLANG_WARN_INFINITE_RECURSION = YES;
				CLANG_WARN_INT_CONVERSION = YES;
				CLANG_WARN_NON_LITERAL_NULL_CONVERSION = YES;
				CLANG_WARN_OBJC_IMPLICIT_RETAIN_SELF = YES;
				CLANG_WARN_OBJC_LITERAL_CONVERSION = YES;
				CLANG_WARN_OBJC_ROOT_CLASS = YES_ERROR;
				CLANG_WARN_RANGE_LOOP_ANALYSIS = YES;
				CLANG_WARN_STRICT_PROTOTYPES = YES;
				CLANG_WARN_SUSPICIOUS_MOVE = YES;
				CLANG_WARN_UNGUARDED_AVAILABILITY = YES_AGGRESSIVE;
				CLANG_WARN_UNREACHABLE_CODE = YES;
				CLANG_WARN__DUPLICATE_METHOD_MATCH = YES;
				CODE_SIGN_IDENTITY = "iPhone Developer";
				COPY_PHASE_STRIP = NO;
				DEBUG_INFORMATION_FORMAT = dwarf;
				ENABLE_STRICT_OBJC_MSGSEND = YES;
				ENABLE_TESTABILITY = YES;
				GCC_C_LANGUAGE_STANDARD = gnu11;
				GCC_DYNAMIC_NO_PIC = NO;
				GCC_NO_COMMON_BLOCKS = YES;
				GCC_OPTIMIZATION_LEVEL = 0;
				GCC_PREPROCESSOR_DEFINITIONS = (
					"DEBUG=1",
					"$(inherited)",
				);
				GCC_WARN_64_TO_32_BIT_CONVERSION = YES;
				GCC_WARN_ABOUT_RETURN_TYPE = YES_ERROR;
				GCC_WARN_UNDECLARED_SELECTOR = YES;
				GCC_WARN_UNINITIALIZED_AUTOS = YES_AGGRESSIVE;
				GCC_WARN_UNUSED_FUNCTION = YES;
				GCC_WARN_UNUSED_VARIABLE = YES;
				IPHONEOS_DEPLOYMENT_TARGET = 12.2;
				MTL_ENABLE_DEBUG_INFO = INCLUDE_SOURCE;
				MTL_FAST_MATH = YES;
				ONLY_ACTIVE_ARCH = YES;
				SDKROOT = iphoneos;
				SWIFT_ACTIVE_COMPILATION_CONDITIONS = DEBUG;
				SWIFT_OPTIMIZATION_LEVEL = "-Onone";
			};
			name = Debug;
		};
		1A4FF27722A4071E0031A9C6 /* Release */ = {
			isa = XCBuildConfiguration;
			buildSettings = {
				ALWAYS_SEARCH_USER_PATHS = NO;
				CLANG_ANALYZER_LOCALIZABILITY_NONLOCALIZED = YES;
				CLANG_ANALYZER_NONNULL = YES;
				CLANG_ANALYZER_NUMBER_OBJECT_CONVERSION = YES_AGGRESSIVE;
				CLANG_CXX_LANGUAGE_STANDARD = "gnu++14";
				CLANG_CXX_LIBRARY = "libc++";
				CLANG_ENABLE_MODULES = YES;
				CLANG_ENABLE_OBJC_ARC = YES;
				CLANG_ENABLE_OBJC_WEAK = YES;
				CLANG_WARN_BLOCK_CAPTURE_AUTORELEASING = YES;
				CLANG_WARN_BOOL_CONVERSION = YES;
				CLANG_WARN_COMMA = YES;
				CLANG_WARN_CONSTANT_CONVERSION = YES;
				CLANG_WARN_DEPRECATED_OBJC_IMPLEMENTATIONS = YES;
				CLANG_WARN_DIRECT_OBJC_ISA_USAGE = YES_ERROR;
				CLANG_WARN_DOCUMENTATION_COMMENTS = YES;
				CLANG_WARN_EMPTY_BODY = YES;
				CLANG_WARN_ENUM_CONVERSION = YES;
				CLANG_WARN_INFINITE_RECURSION = YES;
				CLANG_WARN_INT_CONVERSION = YES;
				CLANG_WARN_NON_LITERAL_NULL_CONVERSION = YES;
				CLANG_WARN_OBJC_IMPLICIT_RETAIN_SELF = YES;
				CLANG_WARN_OBJC_LITERAL_CONVERSION = YES;
				CLANG_WARN_OBJC_ROOT_CLASS = YES_ERROR;
				CLANG_WARN_RANGE_LOOP_ANALYSIS = YES;
				CLANG_WARN_STRICT_PROTOTYPES = YES;
				CLANG_WARN_SUSPICIOUS_MOVE = YES;
				CLANG_WARN_UNGUARDED_AVAILABILITY = YES_AGGRESSIVE;
				CLANG_WARN_UNREACHABLE_CODE = YES;
				CLANG_WARN__DUPLICATE_METHOD_MATCH = YES;
				CODE_SIGN_IDENTITY = "iPhone Developer";
				COPY_PHASE_STRIP = NO;
				DEBUG_INFORMATION_FORMAT = "dwarf-with-dsym";
				ENABLE_NS_ASSERTIONS = NO;
				ENABLE_STRICT_OBJC_MSGSEND = YES;
				GCC_C_LANGUAGE_STANDARD = gnu11;
				GCC_NO_COMMON_BLOCKS = YES;
				GCC_WARN_64_TO_32_BIT_CONVERSION = YES;
				GCC_WARN_ABOUT_RETURN_TYPE = YES_ERROR;
				GCC_WARN_UNDECLARED_SELECTOR = YES;
				GCC_WARN_UNINITIALIZED_AUTOS = YES_AGGRESSIVE;
				GCC_WARN_UNUSED_FUNCTION = YES;
				GCC_WARN_UNUSED_VARIABLE = YES;
				IPHONEOS_DEPLOYMENT_TARGET = 12.2;
				MTL_ENABLE_DEBUG_INFO = NO;
				MTL_FAST_MATH = YES;
				SDKROOT = iphoneos;
				SWIFT_COMPILATION_MODE = wholemodule;
				SWIFT_OPTIMIZATION_LEVEL = "-O";
				VALIDATE_PRODUCT = YES;
			};
			name = Release;
		};
		1A4FF27922A4071E0031A9C6 /* Debug */ = {
			isa = XCBuildConfiguration;
			baseConfigurationReference = 6B38A693D75E7BE3AA3D32DE /* Pods-CondorTest.debug.xcconfig */;
			buildSettings = {
				ASSETCATALOG_COMPILER_APPICON_NAME = AppIcon;
				CODE_SIGN_STYLE = Automatic;
				INFOPLIST_FILE = CondorTest/Info.plist;
				LD_RUNPATH_SEARCH_PATHS = (
					"$(inherited)",
					"@executable_path/Frameworks",
				);
				PRODUCT_BUNDLE_IDENTIFIER = carlos.pava.CondorTest;
				PRODUCT_NAME = "$(TARGET_NAME)";
				SWIFT_VERSION = 5.0;
				TARGETED_DEVICE_FAMILY = "1,2";
			};
			name = Debug;
		};
		1A4FF27A22A4071E0031A9C6 /* Release */ = {
			isa = XCBuildConfiguration;
			baseConfigurationReference = 1A2B7F0A0AAEB2497D60FFA5 /* Pods-CondorTest.release.xcconfig */;
			buildSettings = {
				ASSETCATALOG_COMPILER_APPICON_NAME = AppIcon;
				CODE_SIGN_STYLE = Automatic;
				INFOPLIST_FILE = CondorTest/Info.plist;
				LD_RUNPATH_SEARCH_PATHS = (
					"$(inherited)",
					"@executable_path/Frameworks",
				);
				PRODUCT_BUNDLE_IDENTIFIER = carlos.pava.CondorTest;
				PRODUCT_NAME = "$(TARGET_NAME)";
				SWIFT_VERSION = 5.0;
				TARGETED_DEVICE_FAMILY = "1,2";
			};
			name = Release;
		};
		1A4FF27C22A4071E0031A9C6 /* Debug */ = {
			isa = XCBuildConfiguration;
			baseConfigurationReference = 2323BE6206B4EC006B82FA2D /* Pods-CondorTestTests.debug.xcconfig */;
			buildSettings = {
				ALWAYS_EMBED_SWIFT_STANDARD_LIBRARIES = YES;
				BUNDLE_LOADER = "$(TEST_HOST)";
				CODE_SIGN_STYLE = Automatic;
				INFOPLIST_FILE = CondorTestTests/Info.plist;
				LD_RUNPATH_SEARCH_PATHS = (
					"$(inherited)",
					"@executable_path/Frameworks",
					"@loader_path/Frameworks",
				);
				PRODUCT_BUNDLE_IDENTIFIER = carlos.pava.CondorTestTests;
				PRODUCT_NAME = "$(TARGET_NAME)";
				SWIFT_VERSION = 5.0;
				TARGETED_DEVICE_FAMILY = "1,2";
				TEST_HOST = "$(BUILT_PRODUCTS_DIR)/CondorTest.app/CondorTest";
			};
			name = Debug;
		};
		1A4FF27D22A4071E0031A9C6 /* Release */ = {
			isa = XCBuildConfiguration;
			baseConfigurationReference = 7CE6318716403346BA976C34 /* Pods-CondorTestTests.release.xcconfig */;
			buildSettings = {
				ALWAYS_EMBED_SWIFT_STANDARD_LIBRARIES = YES;
				BUNDLE_LOADER = "$(TEST_HOST)";
				CODE_SIGN_STYLE = Automatic;
				INFOPLIST_FILE = CondorTestTests/Info.plist;
				LD_RUNPATH_SEARCH_PATHS = (
					"$(inherited)",
					"@executable_path/Frameworks",
					"@loader_path/Frameworks",
				);
				PRODUCT_BUNDLE_IDENTIFIER = carlos.pava.CondorTestTests;
				PRODUCT_NAME = "$(TARGET_NAME)";
				SWIFT_VERSION = 5.0;
				TARGETED_DEVICE_FAMILY = "1,2";
				TEST_HOST = "$(BUILT_PRODUCTS_DIR)/CondorTest.app/CondorTest";
			};
			name = Release;
		};
		1A4FF27F22A4071E0031A9C6 /* Debug */ = {
			isa = XCBuildConfiguration;
			baseConfigurationReference = 173E3BBD724C123BE8DD552B /* Pods-CondorTestUITests.debug.xcconfig */;
			buildSettings = {
				ALWAYS_EMBED_SWIFT_STANDARD_LIBRARIES = YES;
				CODE_SIGN_STYLE = Automatic;
				INFOPLIST_FILE = CondorTestUITests/Info.plist;
				LD_RUNPATH_SEARCH_PATHS = (
					"$(inherited)",
					"@executable_path/Frameworks",
					"@loader_path/Frameworks",
				);
				PRODUCT_BUNDLE_IDENTIFIER = carlos.pava.CondorTestUITests;
				PRODUCT_NAME = "$(TARGET_NAME)";
				SWIFT_VERSION = 5.0;
				TARGETED_DEVICE_FAMILY = "1,2";
				TEST_TARGET_NAME = CondorTest;
			};
			name = Debug;
		};
		1A4FF28022A4071E0031A9C6 /* Release */ = {
			isa = XCBuildConfiguration;
			baseConfigurationReference = 970BE7CA4AC536717D4331D6 /* Pods-CondorTestUITests.release.xcconfig */;
			buildSettings = {
				ALWAYS_EMBED_SWIFT_STANDARD_LIBRARIES = YES;
				CODE_SIGN_STYLE = Automatic;
				INFOPLIST_FILE = CondorTestUITests/Info.plist;
				LD_RUNPATH_SEARCH_PATHS = (
					"$(inherited)",
					"@executable_path/Frameworks",
					"@loader_path/Frameworks",
				);
				PRODUCT_BUNDLE_IDENTIFIER = carlos.pava.CondorTestUITests;
				PRODUCT_NAME = "$(TARGET_NAME)";
				SWIFT_VERSION = 5.0;
				TARGETED_DEVICE_FAMILY = "1,2";
				TEST_TARGET_NAME = CondorTest;
			};
			name = Release;
		};
		1AE841E522A40836002097C3 /* Mock */ = {
			isa = XCBuildConfiguration;
			buildSettings = {
				ALWAYS_SEARCH_USER_PATHS = NO;
				CLANG_ANALYZER_LOCALIZABILITY_NONLOCALIZED = YES;
				CLANG_ANALYZER_NONNULL = YES;
				CLANG_ANALYZER_NUMBER_OBJECT_CONVERSION = YES_AGGRESSIVE;
				CLANG_CXX_LANGUAGE_STANDARD = "gnu++14";
				CLANG_CXX_LIBRARY = "libc++";
				CLANG_ENABLE_MODULES = YES;
				CLANG_ENABLE_OBJC_ARC = YES;
				CLANG_ENABLE_OBJC_WEAK = YES;
				CLANG_WARN_BLOCK_CAPTURE_AUTORELEASING = YES;
				CLANG_WARN_BOOL_CONVERSION = YES;
				CLANG_WARN_COMMA = YES;
				CLANG_WARN_CONSTANT_CONVERSION = YES;
				CLANG_WARN_DEPRECATED_OBJC_IMPLEMENTATIONS = YES;
				CLANG_WARN_DIRECT_OBJC_ISA_USAGE = YES_ERROR;
				CLANG_WARN_DOCUMENTATION_COMMENTS = YES;
				CLANG_WARN_EMPTY_BODY = YES;
				CLANG_WARN_ENUM_CONVERSION = YES;
				CLANG_WARN_INFINITE_RECURSION = YES;
				CLANG_WARN_INT_CONVERSION = YES;
				CLANG_WARN_NON_LITERAL_NULL_CONVERSION = YES;
				CLANG_WARN_OBJC_IMPLICIT_RETAIN_SELF = YES;
				CLANG_WARN_OBJC_LITERAL_CONVERSION = YES;
				CLANG_WARN_OBJC_ROOT_CLASS = YES_ERROR;
				CLANG_WARN_RANGE_LOOP_ANALYSIS = YES;
				CLANG_WARN_STRICT_PROTOTYPES = YES;
				CLANG_WARN_SUSPICIOUS_MOVE = YES;
				CLANG_WARN_UNGUARDED_AVAILABILITY = YES_AGGRESSIVE;
				CLANG_WARN_UNREACHABLE_CODE = YES;
				CLANG_WARN__DUPLICATE_METHOD_MATCH = YES;
				CODE_SIGN_IDENTITY = "iPhone Developer";
				COPY_PHASE_STRIP = NO;
				DEBUG_INFORMATION_FORMAT = dwarf;
				ENABLE_STRICT_OBJC_MSGSEND = YES;
				ENABLE_TESTABILITY = YES;
				GCC_C_LANGUAGE_STANDARD = gnu11;
				GCC_DYNAMIC_NO_PIC = NO;
				GCC_NO_COMMON_BLOCKS = YES;
				GCC_OPTIMIZATION_LEVEL = 0;
				GCC_PREPROCESSOR_DEFINITIONS = (
					"DEBUG=1",
					"$(inherited)",
				);
				GCC_WARN_64_TO_32_BIT_CONVERSION = YES;
				GCC_WARN_ABOUT_RETURN_TYPE = YES_ERROR;
				GCC_WARN_UNDECLARED_SELECTOR = YES;
				GCC_WARN_UNINITIALIZED_AUTOS = YES_AGGRESSIVE;
				GCC_WARN_UNUSED_FUNCTION = YES;
				GCC_WARN_UNUSED_VARIABLE = YES;
				IPHONEOS_DEPLOYMENT_TARGET = 12.2;
				MTL_ENABLE_DEBUG_INFO = INCLUDE_SOURCE;
				MTL_FAST_MATH = YES;
				ONLY_ACTIVE_ARCH = YES;
				SDKROOT = iphoneos;
				SWIFT_ACTIVE_COMPILATION_CONDITIONS = MOCK;
				SWIFT_OPTIMIZATION_LEVEL = "-Onone";
			};
			name = Mock;
		};
		1AE841E622A40836002097C3 /* Mock */ = {
			isa = XCBuildConfiguration;
			baseConfigurationReference = 666C29544C9647E0939459F0 /* Pods-CondorTest.mock.xcconfig */;
			buildSettings = {
				ASSETCATALOG_COMPILER_APPICON_NAME = AppIcon;
				CODE_SIGN_STYLE = Automatic;
				INFOPLIST_FILE = CondorTest/Info.plist;
				LD_RUNPATH_SEARCH_PATHS = (
					"$(inherited)",
					"@executable_path/Frameworks",
				);
				PRODUCT_BUNDLE_IDENTIFIER = carlos.pava.CondorTest;
				PRODUCT_NAME = "$(TARGET_NAME)";
				SWIFT_VERSION = 5.0;
				TARGETED_DEVICE_FAMILY = "1,2";
			};
			name = Mock;
		};
		1AE841E722A40836002097C3 /* Mock */ = {
			isa = XCBuildConfiguration;
			baseConfigurationReference = 1B57A0956E5D0EA0F45EDFBE /* Pods-CondorTestTests.mock.xcconfig */;
			buildSettings = {
				ALWAYS_EMBED_SWIFT_STANDARD_LIBRARIES = YES;
				BUNDLE_LOADER = "$(TEST_HOST)";
				CODE_SIGN_STYLE = Automatic;
				INFOPLIST_FILE = CondorTestTests/Info.plist;
				LD_RUNPATH_SEARCH_PATHS = (
					"$(inherited)",
					"@executable_path/Frameworks",
					"@loader_path/Frameworks",
				);
				PRODUCT_BUNDLE_IDENTIFIER = carlos.pava.CondorTestTests;
				PRODUCT_NAME = "$(TARGET_NAME)";
				SWIFT_VERSION = 5.0;
				TARGETED_DEVICE_FAMILY = "1,2";
				TEST_HOST = "$(BUILT_PRODUCTS_DIR)/CondorTest.app/CondorTest";
			};
			name = Mock;
		};
		1AE841E822A40836002097C3 /* Mock */ = {
			isa = XCBuildConfiguration;
			baseConfigurationReference = 949CC3B4879B5B8A1D86D52A /* Pods-CondorTestUITests.mock.xcconfig */;
			buildSettings = {
				ALWAYS_EMBED_SWIFT_STANDARD_LIBRARIES = YES;
				CODE_SIGN_STYLE = Automatic;
				INFOPLIST_FILE = CondorTestUITests/Info.plist;
				LD_RUNPATH_SEARCH_PATHS = (
					"$(inherited)",
					"@executable_path/Frameworks",
					"@loader_path/Frameworks",
				);
				PRODUCT_BUNDLE_IDENTIFIER = carlos.pava.CondorTestUITests;
				PRODUCT_NAME = "$(TARGET_NAME)";
				SWIFT_VERSION = 5.0;
				TARGETED_DEVICE_FAMILY = "1,2";
				TEST_TARGET_NAME = CondorTest;
			};
			name = Mock;
		};
/* End XCBuildConfiguration section */

/* Begin XCConfigurationList section */
		1A4FF24B22A4071D0031A9C6 /* Build configuration list for PBXProject "CondorTest" */ = {
			isa = XCConfigurationList;
			buildConfigurations = (
				1A4FF27622A4071E0031A9C6 /* Debug */,
				1AE841E522A40836002097C3 /* Mock */,
				1A4FF27722A4071E0031A9C6 /* Release */,
			);
			defaultConfigurationIsVisible = 0;
			defaultConfigurationName = Release;
		};
		1A4FF27822A4071E0031A9C6 /* Build configuration list for PBXNativeTarget "CondorTest" */ = {
			isa = XCConfigurationList;
			buildConfigurations = (
				1A4FF27922A4071E0031A9C6 /* Debug */,
				1AE841E622A40836002097C3 /* Mock */,
				1A4FF27A22A4071E0031A9C6 /* Release */,
			);
			defaultConfigurationIsVisible = 0;
			defaultConfigurationName = Release;
		};
		1A4FF27B22A4071E0031A9C6 /* Build configuration list for PBXNativeTarget "CondorTestTests" */ = {
			isa = XCConfigurationList;
			buildConfigurations = (
				1A4FF27C22A4071E0031A9C6 /* Debug */,
				1AE841E722A40836002097C3 /* Mock */,
				1A4FF27D22A4071E0031A9C6 /* Release */,
			);
			defaultConfigurationIsVisible = 0;
			defaultConfigurationName = Release;
		};
		1A4FF27E22A4071E0031A9C6 /* Build configuration list for PBXNativeTarget "CondorTestUITests" */ = {
			isa = XCConfigurationList;
			buildConfigurations = (
				1A4FF27F22A4071E0031A9C6 /* Debug */,
				1AE841E822A40836002097C3 /* Mock */,
				1A4FF28022A4071E0031A9C6 /* Release */,
			);
			defaultConfigurationIsVisible = 0;
			defaultConfigurationName = Release;
		};
/* End XCConfigurationList section */
	};
	rootObject = 1A4FF24822A4071D0031A9C6 /* Project object */;
}
